
Microsoft Visual Studio Solution File, Format Version 12.00
# Visual Studio Version 17
VisualStudioVersion = 17.10.35027.167
MinimumVisualStudioVersion = 10.0.40219.1
Project("{9A19103F-16F7-4668-BE54-9A1E7A4F7556}") = "BSCHub.Application", "BSCHub.Application\BSCHub.Application.csproj", "{96AC6A69-736F-47BF-B828-455531FE0770}"
EndProject
Project("{9A19103F-16F7-4668-BE54-9A1E7A4F7556}") = "BSCHub.DataAccess", "BSCHub.DataAccess\BSCHub.DataAccess.csproj", "{0A575766-8086-4027-8ADA-75B74EF4663E}"
EndProject
Project("{9A19103F-16F7-4668-BE54-9A1E7A4F7556}") = "BSCHub.Domain", "BSCHub.Domain\BSCHub.Domain.csproj", "{AAE6438A-3473-44A4-BFD7-C28106BA8CF6}"
EndProject
Project("{9A19103F-16F7-4668-BE54-9A1E7A4F7556}") = "BSCHub.MVC", "BSCHub.MVC\BSCHub.MVC.csproj", "{E7DA47EF-C352-4DF2-B048-FFB88985D457}"
EndProject
Global
	GlobalSection(SolutionConfigurationPlatforms) = preSolution
		Debug|Any CPU = Debug|Any CPU
		Release|Any CPU = Release|Any CPU
	EndGlobalSection
	GlobalSection(ProjectConfigurationPlatforms) = postSolution
		{96AC6A69-736F-47BF-B828-455531FE0770}.Debug|Any CPU.ActiveCfg = Debug|Any CPU
		{96AC6A69-736F-47BF-B828-455531FE0770}.Debug|Any CPU.Build.0 = Debug|Any CPU
		{96AC6A69-736F-47BF-B828-455531FE0770}.Release|Any CPU.ActiveCfg = Release|Any CPU
		{96AC6A69-736F-47BF-B828-455531FE0770}.Release|Any CPU.Build.0 = Release|Any CPU
		{0A575766-8086-4027-8ADA-75B74EF4663E}.Debug|Any CPU.ActiveCfg = Debug|Any CPU
		{0A575766-8086-4027-8ADA-75B74EF4663E}.Debug|Any CPU.Build.0 = Debug|Any CPU
		{0A575766-8086-4027-8ADA-75B74EF4663E}.Release|Any CPU.ActiveCfg = Release|Any CPU
		{0A575766-8086-4027-8ADA-75B74EF4663E}.Release|Any CPU.Build.0 = Release|Any CPU
		{AAE6438A-3473-44A4-BFD7-C28106BA8CF6}.Debug|Any CPU.ActiveCfg = Debug|Any CPU
		{AAE6438A-3473-44A4-BFD7-C28106BA8CF6}.Debug|Any CPU.Build.0 = Debug|Any CPU
		{AAE6438A-3473-44A4-BFD7-C28106BA8CF6}.Release|Any CPU.ActiveCfg = Release|Any CPU
		{AAE6438A-3473-44A4-BFD7-C28106BA8CF6}.Release|Any CPU.Build.0 = Release|Any CPU
		{E7DA47EF-C352-4DF2-B048-FFB88985D457}.Debug|Any CPU.ActiveCfg = Debug|Any CPU
		{E7DA47EF-C352-4DF2-B048-FFB88985D457}.Debug|Any CPU.Build.0 = Debug|Any CPU
		{E7DA47EF-C352-4DF2-B048-FFB88985D457}.Release|Any CPU.ActiveCfg = Release|Any CPU
		{E7DA47EF-C352-4DF2-B048-FFB88985D457}.Release|Any CPU.Build.0 = Release|Any CPU
	EndGlobalSection
	GlobalSection(SolutionProperties) = preSolution
		HideSolutionNode = FALSE
	EndGlobalSection
	GlobalSection(ExtensibilityGlobals) = postSolution
		SolutionGuid = {FFE6A1DA-C6DF-4134-9B12-318473AA3B95}
	EndGlobalSection
EndGlobal
